
Microsoft Visual Studio Solution File, Format Version 12.00
# Visual Studio Version 17
VisualStudioVersion = 17.2.32505.173
MinimumVisualStudioVersion = 10.0.40219.1
Project("{FAE04EC0-301F-11D3-BF4B-00C04F79EFBC}") = "DotNetOracleConsoleSample", "DotNetOracleConsoleSample\DotNetOracleConsoleSample.csproj", "{848CD25D-E5C9-4252-BE7A-B62557C5409B}"
EndProject
Project("{9A19103F-16F7-4668-BE54-9A1E7A4F7556}") = "DotNetOracleConsoleSample.Core", "DotNetOracleConsoleSample.Core\DotNetOracleConsoleSample.Core.csproj", "{961B7226-FFC3-4796-8EEB-3BE3217110A7}"
EndProject
Project("{9A19103F-16F7-4668-BE54-9A1E7A4F7556}") = "DotNetOracleConsoleSample.Core.Benchmark", "DotNetOracleConsoleSample.Core.Benchmark\DotNetOracleConsoleSample.Core.Benchmark.csproj", "{0162E7EC-9EBF-4A51-A0D2-60392901CAA4}"
EndProject
Project("{9A19103F-16F7-4668-BE54-9A1E7A4F7556}") = "DotNetOracleConsoleSample.DotNet", "DotNetOracleConsoleSample.DotNet\DotNetOracleConsoleSample.DotNet.csproj", "{67AA413C-D53C-4378-B12D-242C23A9F53C}"
EndProject
Project("{9A19103F-16F7-4668-BE54-9A1E7A4F7556}") = "DotNetOracleConsoleSample.DotNet.Benchmark", "DotNetOracleConsoleSample.DotNet.Benchmark\DotNetOracleConsoleSample.DotNet.Benchmark.csproj", "{5329E4A9-5C8C-4BF2-B13B-9629E16CBA22}"
EndProject
Project("{FAE04EC0-301F-11D3-BF4B-00C04F79EFBC}") = "DotNetOracleConsoleSample.DotNet.Test", "DotNetOracleConsoleSample.DotNet.Test\DotNetOracleConsoleSample.DotNet.Test.csproj", "{FEFC7063-8126-423A-89EA-604077932DA9}"
EndProject
Global
	GlobalSection(SolutionConfigurationPlatforms) = preSolution
		Debug|Any CPU = Debug|Any CPU
		Release|Any CPU = Release|Any CPU
	EndGlobalSection
	GlobalSection(ProjectConfigurationPlatforms) = postSolution
		{848CD25D-E5C9-4252-BE7A-B62557C5409B}.Debug|Any CPU.ActiveCfg = Debug|Any CPU
		{848CD25D-E5C9-4252-BE7A-B62557C5409B}.Debug|Any CPU.Build.0 = Debug|Any CPU
		{848CD25D-E5C9-4252-BE7A-B62557C5409B}.Release|Any CPU.ActiveCfg = Release|Any CPU
		{848CD25D-E5C9-4252-BE7A-B62557C5409B}.Release|Any CPU.Build.0 = Release|Any CPU
		{961B7226-FFC3-4796-8EEB-3BE3217110A7}.Debug|Any CPU.ActiveCfg = Debug|Any CPU
		{961B7226-FFC3-4796-8EEB-3BE3217110A7}.Debug|Any CPU.Build.0 = Debug|Any CPU
		{961B7226-FFC3-4796-8EEB-3BE3217110A7}.Release|Any CPU.ActiveCfg = Release|Any CPU
		{961B7226-FFC3-4796-8EEB-3BE3217110A7}.Release|Any CPU.Build.0 = Release|Any CPU
		{0162E7EC-9EBF-4A51-A0D2-60392901CAA4}.Debug|Any CPU.ActiveCfg = Debug|Any CPU
		{0162E7EC-9EBF-4A51-A0D2-60392901CAA4}.Debug|Any CPU.Build.0 = Debug|Any CPU
		{0162E7EC-9EBF-4A51-A0D2-60392901CAA4}.Release|Any CPU.ActiveCfg = Release|Any CPU
		{0162E7EC-9EBF-4A51-A0D2-60392901CAA4}.Release|Any CPU.Build.0 = Release|Any CPU
		{67AA413C-D53C-4378-B12D-242C23A9F53C}.Debug|Any CPU.ActiveCfg = Debug|Any CPU
		{67AA413C-D53C-4378-B12D-242C23A9F53C}.Debug|Any CPU.Build.0 = Debug|Any CPU
		{67AA413C-D53C-4378-B12D-242C23A9F53C}.Release|Any CPU.ActiveCfg = Release|Any CPU
		{67AA413C-D53C-4378-B12D-242C23A9F53C}.Release|Any CPU.Build.0 = Release|Any CPU
		{5329E4A9-5C8C-4BF2-B13B-9629E16CBA22}.Debug|Any CPU.ActiveCfg = Debug|Any CPU
		{5329E4A9-5C8C-4BF2-B13B-9629E16CBA22}.Debug|Any CPU.Build.0 = Debug|Any CPU
		{5329E4A9-5C8C-4BF2-B13B-9629E16CBA22}.Release|Any CPU.ActiveCfg = Release|Any CPU
		{5329E4A9-5C8C-4BF2-B13B-9629E16CBA22}.Release|Any CPU.Build.0 = Release|Any CPU
		{FEFC7063-8126-423A-89EA-604077932DA9}.Debug|Any CPU.ActiveCfg = Debug|Any CPU
		{FEFC7063-8126-423A-89EA-604077932DA9}.Debug|Any CPU.Build.0 = Debug|Any CPU
		{FEFC7063-8126-423A-89EA-604077932DA9}.Release|Any CPU.ActiveCfg = Release|Any CPU
		{FEFC7063-8126-423A-89EA-604077932DA9}.Release|Any CPU.Build.0 = Release|Any CPU
	EndGlobalSection
	GlobalSection(SolutionProperties) = preSolution
		HideSolutionNode = FALSE
	EndGlobalSection
	GlobalSection(ExtensibilityGlobals) = postSolution
		SolutionGuid = {954B7989-676C-48DB-8510-EE34A137A9CF}
	EndGlobalSection
EndGlobal
